{
  "name": "@afzl210/tictac-bot",
  "version": "1.0.2",
  "lockfileVersion": 3,
  "requires": true,
  "packages": {
    "": {
      "name": "@afzl210/tictac-bot",
      "version": "1.0.2",
      "license": "ISC",
      "dependencies": {
        "@afzl210/tictac-bot": "^1.0.1"
      }
    },
    "node_modules/@afzl210/tictac-bot": {
      "version": "1.0.1",
      "resolved": "https://registry.npmjs.org/@afzl210/tictac-bot/-/tictac-bot-1.0.1.tgz",
      "integrity": "sha512-vU3peOsLQIslZdFQB0V8eSkb86BN93wB3OaBFDndmnoF/R44g6qTMcvncKmiEEzEAtTji8F/HKhvLI0pg8Dz3w=="
    }
  }
}
